
Microsoft Visual Studio Solution File, Format Version 12.00
# Visual Studio Version 17
VisualStudioVersion = 17.2.32526.322
MinimumVisualStudioVersion = 10.0.40219.1
Project("{FAE04EC0-301F-11D3-BF4B-00C04F79EFBC}") = "JokesWebApp", "JokesWebApp.csproj", "{900B9D8A-5D28-4265-85E2-3C7C0CA9C1EA}"
EndProject
Global
	GlobalSection(SolutionConfigurationPlatforms) = preSolution
		Debug|Any CPU = Debug|Any CPU
		Release|Any CPU = Release|Any CPU
	EndGlobalSection
	GlobalSection(ProjectConfigurationPlatforms) = postSolution
		{900B9D8A-5D28-4265-85E2-3C7C0CA9C1EA}.Debug|Any CPU.ActiveCfg = Debug|Any CPU
		{900B9D8A-5D28-4265-85E2-3C7C0CA9C1EA}.Debug|Any CPU.Build.0 = Debug|Any CPU
		{900B9D8A-5D28-4265-85E2-3C7C0CA9C1EA}.Release|Any CPU.ActiveCfg = Release|Any CPU
		{900B9D8A-5D28-4265-85E2-3C7C0CA9C1EA}.Release|Any CPU.Build.0 = Release|Any CPU
	EndGlobalSection
	GlobalSection(SolutionProperties) = preSolution
		HideSolutionNode = FALSE
	EndGlobalSection
	GlobalSection(ExtensibilityGlobals) = postSolution
		SolutionGuid = {375A9831-37DF-462C-8E1C-147AC091B574}
	EndGlobalSection
EndGlobal
